
Microsoft Visual Studio Solution File, Format Version 12.00
# Visual Studio Version 17
VisualStudioVersion = 17.3.32929.385
MinimumVisualStudioVersion = 10.0.40219.1
Project("{9A19103F-16F7-4668-BE54-9A1E7A4F7556}") = "Patrones", "Patrones\Patrones.csproj", "{975B0EAD-B58B-477A-BAF6-36C7C3668893}"
EndProject
Project("{9A19103F-16F7-4668-BE54-9A1E7A4F7556}") = "Composite", "Composite\Composite.csproj", "{DC541BBD-B32A-4EEE-A509-E84739787C9A}"
EndProject
Project("{9A19103F-16F7-4668-BE54-9A1E7A4F7556}") = "Command", "Command\Command.csproj", "{675D94CC-0D3A-4CCF-8800-F419821EF403}"
EndProject
Project("{2150E333-8FDC-42A3-9474-1A3956D46DE8}") = "Behavior", "Behavior", "{A484033F-4E5D-4642-9931-12550616F22B}"
EndProject
Project("{FAE04EC0-301F-11D3-BF4B-00C04F79EFBC}") = "Interpreter", "Interpreter\Interpreter.csproj", "{FDA054CF-7D24-480F-9F03-5700E780349D}"
EndProject
Project("{FAE04EC0-301F-11D3-BF4B-00C04F79EFBC}") = "Iterator", "Iterator\Iterator.csproj", "{0D37B466-4313-49E9-9A1E-F249A8530F5B}"
EndProject
Project("{FAE04EC0-301F-11D3-BF4B-00C04F79EFBC}") = "Mediator", "Mediator\Mediator.csproj", "{66864926-F4B3-4C51-A56F-5E54AB43823D}"
EndProject
Project("{FAE04EC0-301F-11D3-BF4B-00C04F79EFBC}") = "memento", "memento\memento.csproj", "{87CC0709-A842-4119-8C45-F728650FA0E1}"
EndProject
Project("{FAE04EC0-301F-11D3-BF4B-00C04F79EFBC}") = "Observer", "Observer\Observer.csproj", "{68412DCF-2F44-4310-881A-833AB9EFB94F}"
EndProject
Project("{FAE04EC0-301F-11D3-BF4B-00C04F79EFBC}") = "StatePattern", "StatePattern\StatePattern.csproj", "{13EDA8E1-6197-40CC-BAB3-8202D6523402}"
EndProject
Project("{FAE04EC0-301F-11D3-BF4B-00C04F79EFBC}") = "Strategy", "Strategy\Strategy.csproj", "{0CADD7AB-727F-4C49-8BD0-3A69FAFCC025}"
EndProject
Project("{FAE04EC0-301F-11D3-BF4B-00C04F79EFBC}") = "TemplateMethod", "TemplateMethod\TemplateMethod.csproj", "{F5D1A33A-5BAF-461D-8599-CAC14AC1B0BA}"
EndProject
Project("{FAE04EC0-301F-11D3-BF4B-00C04F79EFBC}") = "Visitor", "Visitor\Visitor.csproj", "{57C130B1-540F-4D43-9704-3CFDB084691C}"
EndProject
Project("{FAE04EC0-301F-11D3-BF4B-00C04F79EFBC}") = "ChainOfResponsability", "ChainOfResponsability\ChainOfResponsability.csproj", "{B33FE663-F8E6-49A8-9AEB-EDDDB53DF086}"
EndProject
Project("{2150E333-8FDC-42A3-9474-1A3956D46DE8}") = "Creational", "Creational", "{D7D804BC-63CE-42F8-A452-BD9C78FE866F}"
EndProject
Project("{FAE04EC0-301F-11D3-BF4B-00C04F79EFBC}") = "AbstractFactory", "AbstractFactory\AbstractFactory.csproj", "{2F944C80-D735-4804-95D0-7089C161DF47}"
EndProject
Project("{FAE04EC0-301F-11D3-BF4B-00C04F79EFBC}") = "Builder", "Builder\Builder.csproj", "{2CC63559-2C04-4290-BEF8-65377CA7C33C}"
EndProject
Project("{FAE04EC0-301F-11D3-BF4B-00C04F79EFBC}") = "FactoryMethod", "FactoryMethod\FactoryMethod.csproj", "{6CD5D4F8-FB28-4358-B277-55F9C35D4572}"
EndProject
Project("{FAE04EC0-301F-11D3-BF4B-00C04F79EFBC}") = "Prototype", "Prototype\Prototype.csproj", "{051D5D64-DCFC-4149-AFD4-8F047D0B13AA}"
EndProject
Project("{FAE04EC0-301F-11D3-BF4B-00C04F79EFBC}") = "Singleton", "Singleton\Singleton.csproj", "{1A6124ED-02FD-443F-885F-A4763AC53E78}"
EndProject
Global
	GlobalSection(SolutionConfigurationPlatforms) = preSolution
		Debug|Any CPU = Debug|Any CPU
		Release|Any CPU = Release|Any CPU
	EndGlobalSection
	GlobalSection(ProjectConfigurationPlatforms) = postSolution
		{975B0EAD-B58B-477A-BAF6-36C7C3668893}.Debug|Any CPU.ActiveCfg = Debug|Any CPU
		{975B0EAD-B58B-477A-BAF6-36C7C3668893}.Debug|Any CPU.Build.0 = Debug|Any CPU
		{975B0EAD-B58B-477A-BAF6-36C7C3668893}.Release|Any CPU.ActiveCfg = Debug|Any CPU
		{975B0EAD-B58B-477A-BAF6-36C7C3668893}.Release|Any CPU.Build.0 = Debug|Any CPU
		{DC541BBD-B32A-4EEE-A509-E84739787C9A}.Debug|Any CPU.ActiveCfg = Debug|Any CPU
		{DC541BBD-B32A-4EEE-A509-E84739787C9A}.Debug|Any CPU.Build.0 = Debug|Any CPU
		{DC541BBD-B32A-4EEE-A509-E84739787C9A}.Release|Any CPU.ActiveCfg = Release|Any CPU
		{DC541BBD-B32A-4EEE-A509-E84739787C9A}.Release|Any CPU.Build.0 = Release|Any CPU
		{675D94CC-0D3A-4CCF-8800-F419821EF403}.Debug|Any CPU.ActiveCfg = Debug|Any CPU
		{675D94CC-0D3A-4CCF-8800-F419821EF403}.Debug|Any CPU.Build.0 = Debug|Any CPU
		{675D94CC-0D3A-4CCF-8800-F419821EF403}.Release|Any CPU.ActiveCfg = Release|Any CPU
		{675D94CC-0D3A-4CCF-8800-F419821EF403}.Release|Any CPU.Build.0 = Release|Any CPU
		{FDA054CF-7D24-480F-9F03-5700E780349D}.Debug|Any CPU.ActiveCfg = Debug|Any CPU
		{FDA054CF-7D24-480F-9F03-5700E780349D}.Debug|Any CPU.Build.0 = Debug|Any CPU
		{FDA054CF-7D24-480F-9F03-5700E780349D}.Release|Any CPU.ActiveCfg = Release|Any CPU
		{FDA054CF-7D24-480F-9F03-5700E780349D}.Release|Any CPU.Build.0 = Release|Any CPU
		{0D37B466-4313-49E9-9A1E-F249A8530F5B}.Debug|Any CPU.ActiveCfg = Debug|Any CPU
		{0D37B466-4313-49E9-9A1E-F249A8530F5B}.Debug|Any CPU.Build.0 = Debug|Any CPU
		{0D37B466-4313-49E9-9A1E-F249A8530F5B}.Release|Any CPU.ActiveCfg = Release|Any CPU
		{0D37B466-4313-49E9-9A1E-F249A8530F5B}.Release|Any CPU.Build.0 = Release|Any CPU
		{66864926-F4B3-4C51-A56F-5E54AB43823D}.Debug|Any CPU.ActiveCfg = Debug|Any CPU
		{66864926-F4B3-4C51-A56F-5E54AB43823D}.Debug|Any CPU.Build.0 = Debug|Any CPU
		{66864926-F4B3-4C51-A56F-5E54AB43823D}.Release|Any CPU.ActiveCfg = Release|Any CPU
		{66864926-F4B3-4C51-A56F-5E54AB43823D}.Release|Any CPU.Build.0 = Release|Any CPU
		{87CC0709-A842-4119-8C45-F728650FA0E1}.Debug|Any CPU.ActiveCfg = Debug|Any CPU
		{87CC0709-A842-4119-8C45-F728650FA0E1}.Debug|Any CPU.Build.0 = Debug|Any CPU
		{87CC0709-A842-4119-8C45-F728650FA0E1}.Release|Any CPU.ActiveCfg = Release|Any CPU
		{87CC0709-A842-4119-8C45-F728650FA0E1}.Release|Any CPU.Build.0 = Release|Any CPU
		{68412DCF-2F44-4310-881A-833AB9EFB94F}.Debug|Any CPU.ActiveCfg = Debug|Any CPU
		{68412DCF-2F44-4310-881A-833AB9EFB94F}.Debug|Any CPU.Build.0 = Debug|Any CPU
		{68412DCF-2F44-4310-881A-833AB9EFB94F}.Release|Any CPU.ActiveCfg = Release|Any CPU
		{68412DCF-2F44-4310-881A-833AB9EFB94F}.Release|Any CPU.Build.0 = Release|Any CPU
		{13EDA8E1-6197-40CC-BAB3-8202D6523402}.Debug|Any CPU.ActiveCfg = Debug|Any CPU
		{13EDA8E1-6197-40CC-BAB3-8202D6523402}.Debug|Any CPU.Build.0 = Debug|Any CPU
		{13EDA8E1-6197-40CC-BAB3-8202D6523402}.Release|Any CPU.ActiveCfg = Release|Any CPU
		{13EDA8E1-6197-40CC-BAB3-8202D6523402}.Release|Any CPU.Build.0 = Release|Any CPU
		{0CADD7AB-727F-4C49-8BD0-3A69FAFCC025}.Debug|Any CPU.ActiveCfg = Debug|Any CPU
		{0CADD7AB-727F-4C49-8BD0-3A69FAFCC025}.Debug|Any CPU.Build.0 = Debug|Any CPU
		{0CADD7AB-727F-4C49-8BD0-3A69FAFCC025}.Release|Any CPU.ActiveCfg = Release|Any CPU
		{0CADD7AB-727F-4C49-8BD0-3A69FAFCC025}.Release|Any CPU.Build.0 = Release|Any CPU
		{F5D1A33A-5BAF-461D-8599-CAC14AC1B0BA}.Debug|Any CPU.ActiveCfg = Debug|Any CPU
		{F5D1A33A-5BAF-461D-8599-CAC14AC1B0BA}.Debug|Any CPU.Build.0 = Debug|Any CPU
		{F5D1A33A-5BAF-461D-8599-CAC14AC1B0BA}.Release|Any CPU.ActiveCfg = Release|Any CPU
		{F5D1A33A-5BAF-461D-8599-CAC14AC1B0BA}.Release|Any CPU.Build.0 = Release|Any CPU
		{57C130B1-540F-4D43-9704-3CFDB084691C}.Debug|Any CPU.ActiveCfg = Debug|Any CPU
		{57C130B1-540F-4D43-9704-3CFDB084691C}.Debug|Any CPU.Build.0 = Debug|Any CPU
		{57C130B1-540F-4D43-9704-3CFDB084691C}.Release|Any CPU.ActiveCfg = Release|Any CPU
		{57C130B1-540F-4D43-9704-3CFDB084691C}.Release|Any CPU.Build.0 = Release|Any CPU
		{B33FE663-F8E6-49A8-9AEB-EDDDB53DF086}.Debug|Any CPU.ActiveCfg = Debug|Any CPU
		{B33FE663-F8E6-49A8-9AEB-EDDDB53DF086}.Debug|Any CPU.Build.0 = Debug|Any CPU
		{B33FE663-F8E6-49A8-9AEB-EDDDB53DF086}.Release|Any CPU.ActiveCfg = Release|Any CPU
		{B33FE663-F8E6-49A8-9AEB-EDDDB53DF086}.Release|Any CPU.Build.0 = Release|Any CPU
		{2F944C80-D735-4804-95D0-7089C161DF47}.Debug|Any CPU.ActiveCfg = Debug|Any CPU
		{2F944C80-D735-4804-95D0-7089C161DF47}.Debug|Any CPU.Build.0 = Debug|Any CPU
		{2F944C80-D735-4804-95D0-7089C161DF47}.Release|Any CPU.ActiveCfg = Release|Any CPU
		{2F944C80-D735-4804-95D0-7089C161DF47}.Release|Any CPU.Build.0 = Release|Any CPU
		{2CC63559-2C04-4290-BEF8-65377CA7C33C}.Debug|Any CPU.ActiveCfg = Debug|Any CPU
		{2CC63559-2C04-4290-BEF8-65377CA7C33C}.Debug|Any CPU.Build.0 = Debug|Any CPU
		{2CC63559-2C04-4290-BEF8-65377CA7C33C}.Release|Any CPU.ActiveCfg = Release|Any CPU
		{2CC63559-2C04-4290-BEF8-65377CA7C33C}.Release|Any CPU.Build.0 = Release|Any CPU
		{6CD5D4F8-FB28-4358-B277-55F9C35D4572}.Debug|Any CPU.ActiveCfg = Debug|Any CPU
		{6CD5D4F8-FB28-4358-B277-55F9C35D4572}.Debug|Any CPU.Build.0 = Debug|Any CPU
		{6CD5D4F8-FB28-4358-B277-55F9C35D4572}.Release|Any CPU.ActiveCfg = Release|Any CPU
		{6CD5D4F8-FB28-4358-B277-55F9C35D4572}.Release|Any CPU.Build.0 = Release|Any CPU
		{051D5D64-DCFC-4149-AFD4-8F047D0B13AA}.Debug|Any CPU.ActiveCfg = Debug|Any CPU
		{051D5D64-DCFC-4149-AFD4-8F047D0B13AA}.Debug|Any CPU.Build.0 = Debug|Any CPU
		{051D5D64-DCFC-4149-AFD4-8F047D0B13AA}.Release|Any CPU.ActiveCfg = Release|Any CPU
		{051D5D64-DCFC-4149-AFD4-8F047D0B13AA}.Release|Any CPU.Build.0 = Release|Any CPU
		{1A6124ED-02FD-443F-885F-A4763AC53E78}.Debug|Any CPU.ActiveCfg = Debug|Any CPU
		{1A6124ED-02FD-443F-885F-A4763AC53E78}.Debug|Any CPU.Build.0 = Debug|Any CPU
		{1A6124ED-02FD-443F-885F-A4763AC53E78}.Release|Any CPU.ActiveCfg = Release|Any CPU
		{1A6124ED-02FD-443F-885F-A4763AC53E78}.Release|Any CPU.Build.0 = Release|Any CPU
	EndGlobalSection
	GlobalSection(SolutionProperties) = preSolution
		HideSolutionNode = FALSE
	EndGlobalSection
	GlobalSection(NestedProjects) = preSolution
		{675D94CC-0D3A-4CCF-8800-F419821EF403} = {A484033F-4E5D-4642-9931-12550616F22B}
		{FDA054CF-7D24-480F-9F03-5700E780349D} = {A484033F-4E5D-4642-9931-12550616F22B}
		{0D37B466-4313-49E9-9A1E-F249A8530F5B} = {A484033F-4E5D-4642-9931-12550616F22B}
		{66864926-F4B3-4C51-A56F-5E54AB43823D} = {A484033F-4E5D-4642-9931-12550616F22B}
		{87CC0709-A842-4119-8C45-F728650FA0E1} = {A484033F-4E5D-4642-9931-12550616F22B}
		{68412DCF-2F44-4310-881A-833AB9EFB94F} = {A484033F-4E5D-4642-9931-12550616F22B}
		{13EDA8E1-6197-40CC-BAB3-8202D6523402} = {A484033F-4E5D-4642-9931-12550616F22B}
		{0CADD7AB-727F-4C49-8BD0-3A69FAFCC025} = {A484033F-4E5D-4642-9931-12550616F22B}
		{F5D1A33A-5BAF-461D-8599-CAC14AC1B0BA} = {A484033F-4E5D-4642-9931-12550616F22B}
		{57C130B1-540F-4D43-9704-3CFDB084691C} = {A484033F-4E5D-4642-9931-12550616F22B}
		{B33FE663-F8E6-49A8-9AEB-EDDDB53DF086} = {A484033F-4E5D-4642-9931-12550616F22B}
		{2F944C80-D735-4804-95D0-7089C161DF47} = {D7D804BC-63CE-42F8-A452-BD9C78FE866F}
		{2CC63559-2C04-4290-BEF8-65377CA7C33C} = {D7D804BC-63CE-42F8-A452-BD9C78FE866F}
		{6CD5D4F8-FB28-4358-B277-55F9C35D4572} = {D7D804BC-63CE-42F8-A452-BD9C78FE866F}
		{051D5D64-DCFC-4149-AFD4-8F047D0B13AA} = {D7D804BC-63CE-42F8-A452-BD9C78FE866F}
		{1A6124ED-02FD-443F-885F-A4763AC53E78} = {D7D804BC-63CE-42F8-A452-BD9C78FE866F}
	EndGlobalSection
	GlobalSection(ExtensibilityGlobals) = postSolution
		SolutionGuid = {258A75CB-DF44-41F4-88A6-9219348A5857}
	EndGlobalSection
EndGlobal
